<?xml version="1.0" encoding="UTF-8"?>
<!DOCTYPE plist PUBLIC "-//Apple//DTD PLIST 1.0//EN" "http://www.apple.com/DTDs/PropertyList-1.0.dtd">
<plist version="1.0">
<dict>
	<key>BuildNumber</key>
	<string>41800070</string>
	<key>BundleIdentifier</key>
	<string>com.barebones.bbedit</string>
	<key>HostIdentifier</key>
	<string>786540E8-56F0-5457-9352-70E2D4EF50E7</string>
	<key>HostName</key>
	<string>Paul’s Mac mini</string>
	<key>LockDate</key>
	<date>2023-05-16T13:09:47Z</date>
	<key>LockID</key>
	<string>3BFE3825-6F34-4572-A9C1-CF6550505070</string>
	<key>MarketingVersion</key>
	<string>14.6.5</string>
	<key>NetworkVolume</key>
	<false/>
	<key>ProcessIdentifier</key>
	<integer>47948</integer>
	<key>UserName</key>
	<string>paul</string>
	<key>Version</key>
	<integer>3</integer>
	<key>VolumeIdentifier</key>
	<string>E19E0F3A-4763-488A-82F6-DC43A908DA50</string>
</dict>
</plist>
